
Microsoft Visual Studio Solution File, Format Version 12.00
# Visual Studio Version 16
VisualStudioVersion = 16.0.28803.202
MinimumVisualStudioVersion = 10.0.40219.1
Project("{FAE04EC0-301F-11D3-BF4B-00C04F79EFBC}") = "MvcMovie", "MvcMovie\MvcMovie.csproj", "{CF9B1B50-077B-42AF-9A10-2E80FE8CC742}"
EndProject
Global
	GlobalSection(SolutionConfigurationPlatforms) = preSolution
		Debug|Any CPU = Debug|Any CPU
		Release|Any CPU = Release|Any CPU
	EndGlobalSection
	GlobalSection(ProjectConfigurationPlatforms) = postSolution
		{CF9B1B50-077B-42AF-9A10-2E80FE8CC742}.Debug|Any CPU.ActiveCfg = Debug|Any CPU
		{CF9B1B50-077B-42AF-9A10-2E80FE8CC742}.Debug|Any CPU.Build.0 = Debug|Any CPU
		{CF9B1B50-077B-42AF-9A10-2E80FE8CC742}.Release|Any CPU.ActiveCfg = Release|Any CPU
		{CF9B1B50-077B-42AF-9A10-2E80FE8CC742}.Release|Any CPU.Build.0 = Release|Any CPU
	EndGlobalSection
	GlobalSection(SolutionProperties) = preSolution
		HideSolutionNode = FALSE
	EndGlobalSection
	GlobalSection(ExtensibilityGlobals) = postSolution
		SolutionGuid = {601C3F25-87DC-47AC-9BBC-55C2E2390DD8}
	EndGlobalSection
EndGlobal
